{
  "lockfile_version": "1",
  "packages": {
    "elmPackages.elm-json@latest": {
      "last_modified": "2025-10-22T20:59:19Z",
      "resolved": "github:NixOS/nixpkgs/01b6809f7f9d1183a2b3e081f0a1e6f8f415cb09#elmPackages.elm-json",
      "source": "devbox-search",
      "version": "0.2.13",
      "systems": {
        "aarch64-darwin": {
          "outputs": [
            {
              "name": "out",
              "path": "/nix/store/8lpzhh01xxpdv4ca2z7i6k6rmym3hv4r-elm-json-0.2.13",
              "default": true
            }
          ],
          "store_path": "/nix/store/8lpzhh01xxpdv4ca2z7i6k6rmym3hv4r-elm-json-0.2.13"
        },
        "aarch64-linux": {
          "outputs": [
            {
              "name": "out",
              "path": "/nix/store/xrgvx7sr6y5yf0yfzx41f39kg89m0ymg-elm-json-0.2.13",
              "default": true
            }
          ],
          "store_path": "/nix/store/xrgvx7sr6y5yf0yfzx41f39kg89m0ymg-elm-json-0.2.13"
        },
        "x86_64-darwin": {
          "outputs": [
            {
              "name": "out",
              "path": "/nix/store/xy41fwvgn43avv8k3zg84b6mj7r2hzcd-elm-json-0.2.13",
              "default": true
            }
          ],
          "store_path": "/nix/store/xy41fwvgn43avv8k3zg84b6mj7r2hzcd-elm-json-0.2.13"
        },
        "x86_64-linux": {
          "outputs": [
            {
              "name": "out",
              "path": "/nix/store/g967rhpvqxja4j9kk5jnmk6nrpxi52ia-elm-json-0.2.13",
              "default": true
            }
          ],
          "store_path": "/nix/store/g967rhpvqxja4j9kk5jnmk6nrpxi52ia-elm-json-0.2.13"
        }
      }
    },
    "elmPackages.elm-review@latest": {
      "last_modified": "2025-10-22T20:59:19Z",
      "resolved": "github:NixOS/nixpkgs/01b6809f7f9d1183a2b3e081f0a1e6f8f415cb09#elmPackages.elm-review",
      "source": "devbox-search",
      "version": "2.13.4",
      "systems": {
        "aarch64-darwin": {
          "outputs": [
            {
              "name": "out",
              "path": "/nix/store/2ngs9k4y53a8vrgz4shwhh179xjhd8fp-elm-review-2.13.4",
              "default": true
            }
          ],
          "store_path": "/nix/store/2ngs9k4y53a8vrgz4shwhh179xjhd8fp-elm-review-2.13.4"
        },
        "aarch64-linux": {
          "outputs": [
            {
              "name": "out",
              "path": "/nix/store/5j7acavkyg0ir2k3amcnz0sdqh1pv9yv-elm-review-2.13.4",
              "default": true
            }
          ],
          "store_path": "/nix/store/5j7acavkyg0ir2k3amcnz0sdqh1pv9yv-elm-review-2.13.4"
        },
        "x86_64-darwin": {
          "outputs": [
            {
              "name": "out",
              "path": "/nix/store/dc2x23ykfc8q7iw4wrf2j6h7mz77vkcw-elm-review-2.13.4",
              "default": true
            }
          ],
          "store_path": "/nix/store/dc2x23ykfc8q7iw4wrf2j6h7mz77vkcw-elm-review-2.13.4"
        },
        "x86_64-linux": {
          "outputs": [
            {
              "name": "out",
              "path": "/nix/store/cc6jrgxilb9dwcq9rz30g1myd55aic62-elm-review-2.13.4",
              "default": true
            }
          ],
          "store_path": "/nix/store/cc6jrgxilb9dwcq9rz30g1myd55aic62-elm-review-2.13.4"
        }
      }
    },
    "firebase-tools@latest": {
      "last_modified": "2025-11-03T07:53:02Z",
      "resolved": "github:NixOS/nixpkgs/7241bcbb4f099a66aafca120d37c65e8dda32717#firebase-tools",
      "source": "devbox-search",
      "version": "14.20.0",
      "systems": {
        "aarch64-darwin": {
          "outputs": [
            {
              "name": "out",
              "path": "/nix/store/ysib67x6qngzxi24gbbcqlal2v069j4f-firebase-tools-14.20.0",
              "default": true
            }
          ],
          "store_path": "/nix/store/ysib67x6qngzxi24gbbcqlal2v069j4f-firebase-tools-14.20.0"
        },
        "aarch64-linux": {
          "outputs": [
            {
              "name": "out",
              "path": "/nix/store/rz237z6a9z1mqkbsa4kczyp6czglfql7-firebase-tools-14.20.0",
              "default": true
            }
          ],
          "store_path": "/nix/store/rz237z6a9z1mqkbsa4kczyp6czglfql7-firebase-tools-14.20.0"
        },
        "x86_64-darwin": {
          "outputs": [
            {
              "name": "out",
              "path": "/nix/store/r82yh83wxr34x61j651g85c3v7dnfiwb-firebase-tools-14.20.0",
              "default": true
            }
          ],
          "store_path": "/nix/store/r82yh83wxr34x61j651g85c3v7dnfiwb-firebase-tools-14.20.0"
        },
        "x86_64-linux": {
          "outputs": [
            {
              "name": "out",
              "path": "/nix/store/gwsda7m9qaxq997q9b41l8bksljjb3g9-firebase-tools-14.20.0",
              "default": true
            }
          ],
          "store_path": "/nix/store/gwsda7m9qaxq997q9b41l8bksljjb3g9-firebase-tools-14.20.0"
        }
      }
    },
    "github:NixOS/nixpkgs/nixpkgs-unstable": {
      "last_modified": "2025-11-08T12:28:21Z",
      "resolved": "github:NixOS/nixpkgs/f6b44b2401525650256b977063dbcf830f762369?lastModified=1762604901&narHash=sha256-Pr2jpryIaQr9Yx8p6QssS03wqB6UifnnLr3HJw9veDw%3D"
    },
    "nodejs@latest": {
      "last_modified": "2025-11-07T02:32:13Z",
      "plugin_version": "0.0.2",
      "resolved": "github:NixOS/nixpkgs/e1ebeec86b771e9d387dd02d82ffdc77ac753abc#nodejs_24",
      "source": "devbox-search",
      "version": "24.11.0",
      "systems": {
        "aarch64-darwin": {
          "outputs": [
            {
              "name": "out",
              "path": "/nix/store/2473ifz5wy3fsx2mpicfa7bk4dqj02cs-nodejs-24.11.0",
              "default": true
            },
            {
              "name": "dev",
              "path": "/nix/store/3pyvngvh9q0kz06y02ak7gw637n2957h-nodejs-24.11.0-dev"
            },
            {
              "name": "libv8",
              "path": "/nix/store/1x47w78i99rxvpv3qzapy6416c36ncwf-nodejs-24.11.0-libv8"
            }
          ],
          "store_path": "/nix/store/2473ifz5wy3fsx2mpicfa7bk4dqj02cs-nodejs-24.11.0"
        },
        "aarch64-linux": {
          "outputs": [
            {
              "name": "out",
              "path": "/nix/store/12qw780l6ipajc7g1rm2d25yaa068f71-nodejs-24.11.0",
              "default": true
            },
            {
              "name": "dev",
              "path": "/nix/store/f8xhra2ck4x4ldsk47vwnwbhkb832xjs-nodejs-24.11.0-dev"
            },
            {
              "name": "libv8",
              "path": "/nix/store/7p12vb3124mjg3wi69kw40rfkwpxr96v-nodejs-24.11.0-libv8"
            }
          ],
          "store_path": "/nix/store/12qw780l6ipajc7g1rm2d25yaa068f71-nodejs-24.11.0"
        },
        "x86_64-darwin": {
          "outputs": [
            {
              "name": "out",
              "path": "/nix/store/b4h5xp3mskjcjlbv6v9crnicmj3idkjm-nodejs-24.11.0",
              "default": true
            },
            {
              "name": "dev",
              "path": "/nix/store/ihfph5ggw53d6d0cfgzdg2fn4zb9mq2r-nodejs-24.11.0-dev"
            },
            {
              "name": "libv8",
              "path": "/nix/store/lq9s0qi7733lanpqaf5vvv378495ckwc-nodejs-24.11.0-libv8"
            }
          ],
          "store_path": "/nix/store/b4h5xp3mskjcjlbv6v9crnicmj3idkjm-nodejs-24.11.0"
        },
        "x86_64-linux": {
          "outputs": [
            {
              "name": "out",
              "path": "/nix/store/yln56wciplw21gnsljp5gkzyzc2n52ni-nodejs-24.11.0",
              "default": true
            },
            {
              "name": "libv8",
              "path": "/nix/store/k1jvh8asv6hgyrf2mi8l6xpqmz3nr4lq-nodejs-24.11.0-libv8"
            },
            {
              "name": "dev",
              "path": "/nix/store/5ln4hzy2agzk46y0ccc0a2f1wrrb3gpv-nodejs-24.11.0-dev"
            }
          ],
          "store_path": "/nix/store/yln56wciplw21gnsljp5gkzyzc2n52ni-nodejs-24.11.0"
        }
      }
    },
    "npm-check-updates@latest": {
      "last_modified": "2025-10-22T20:59:19Z",
      "resolved": "github:NixOS/nixpkgs/01b6809f7f9d1183a2b3e081f0a1e6f8f415cb09#npm-check-updates",
      "source": "devbox-search",
      "version": "19.1.0",
      "systems": {
        "aarch64-darwin": {
          "outputs": [
            {
              "name": "out",
              "path": "/nix/store/dz92q3l6jjcvb492r3z2qabwb1qhradf-npm-check-updates-19.1.0",
              "default": true
            }
          ],
          "store_path": "/nix/store/dz92q3l6jjcvb492r3z2qabwb1qhradf-npm-check-updates-19.1.0"
        },
        "aarch64-linux": {
          "outputs": [
            {
              "name": "out",
              "path": "/nix/store/iwr31q8fvkgyynxzy2xla1zgxq3yvd22-npm-check-updates-19.1.0",
              "default": true
            }
          ],
          "store_path": "/nix/store/iwr31q8fvkgyynxzy2xla1zgxq3yvd22-npm-check-updates-19.1.0"
        },
        "x86_64-darwin": {
          "outputs": [
            {
              "name": "out",
              "path": "/nix/store/nx3jv05fhh1lmbcvdm6xjrpqpf4gm0x9-npm-check-updates-19.1.0",
              "default": true
            }
          ],
          "store_path": "/nix/store/nx3jv05fhh1lmbcvdm6xjrpqpf4gm0x9-npm-check-updates-19.1.0"
        },
        "x86_64-linux": {
          "outputs": [
            {
              "name": "out",
              "path": "/nix/store/bpj29ll2pc97nyvr5q0wmk5x4g29p48q-npm-check-updates-19.1.0",
              "default": true
            }
          ],
          "store_path": "/nix/store/bpj29ll2pc97nyvr5q0wmk5x4g29p48q-npm-check-updates-19.1.0"
        }
      }
    },
    "soupault@latest": {
      "last_modified": "2025-10-26T01:09:48Z",
      "resolved": "github:NixOS/nixpkgs/de69d2ba6c70e747320df9c096523b623d3a4c35#soupault",
      "source": "devbox-search",
      "version": "5.1.0",
      "systems": {
        "aarch64-darwin": {
          "outputs": [
            {
              "name": "out",
              "path": "/nix/store/gw1xv93n5f5svrp4938wv23z8393jrbc-ocaml5.3.0-soupault-5.1.0",
              "default": true
            }
          ],
          "store_path": "/nix/store/gw1xv93n5f5svrp4938wv23z8393jrbc-ocaml5.3.0-soupault-5.1.0"
        },
        "aarch64-linux": {
          "outputs": [
            {
              "name": "out",
              "path": "/nix/store/296mikfzv38xpx3whgk6wq4b81absj65-ocaml5.3.0-soupault-5.1.0",
              "default": true
            }
          ],
          "store_path": "/nix/store/296mikfzv38xpx3whgk6wq4b81absj65-ocaml5.3.0-soupault-5.1.0"
        },
        "x86_64-darwin": {
          "outputs": [
            {
              "name": "out",
              "path": "/nix/store/h0mmxj75d0jq4ijqaa8i722wzzlf9h2s-ocaml5.3.0-soupault-5.1.0",
              "default": true
            }
          ],
          "store_path": "/nix/store/h0mmxj75d0jq4ijqaa8i722wzzlf9h2s-ocaml5.3.0-soupault-5.1.0"
        },
        "x86_64-linux": {
          "outputs": [
            {
              "name": "out",
              "path": "/nix/store/wsljdyjdxlzjib8bxiydmf4l5wlfc9hq-ocaml5.3.0-soupault-5.1.0",
              "default": true
            }
          ],
          "store_path": "/nix/store/wsljdyjdxlzjib8bxiydmf4l5wlfc9hq-ocaml5.3.0-soupault-5.1.0"
        }
      }
    },
    "watchexec@latest": {
      "last_modified": "2025-10-22T20:59:19Z",
      "resolved": "github:NixOS/nixpkgs/01b6809f7f9d1183a2b3e081f0a1e6f8f415cb09#watchexec",
      "source": "devbox-search",
      "version": "2.3.2",
      "systems": {
        "aarch64-darwin": {
          "outputs": [
            {
              "name": "out",
              "path": "/nix/store/h5mjyknfadn4y0857gwqv5mzm52rx9v6-watchexec-2.3.2",
              "default": true
            }
          ],
          "store_path": "/nix/store/h5mjyknfadn4y0857gwqv5mzm52rx9v6-watchexec-2.3.2"
        },
        "aarch64-linux": {
          "outputs": [
            {
              "name": "out",
              "path": "/nix/store/gw113iz48zf1vnb935qw9sc22asrj37l-watchexec-2.3.2",
              "default": true
            }
          ],
          "store_path": "/nix/store/gw113iz48zf1vnb935qw9sc22asrj37l-watchexec-2.3.2"
        },
        "x86_64-darwin": {
          "outputs": [
            {
              "name": "out",
              "path": "/nix/store/nn0rli417pgd8hkg532mp5mxim59kzx2-watchexec-2.3.2",
              "default": true
            }
          ],
          "store_path": "/nix/store/nn0rli417pgd8hkg532mp5mxim59kzx2-watchexec-2.3.2"
        },
        "x86_64-linux": {
          "outputs": [
            {
              "name": "out",
              "path": "/nix/store/jwvj34xyw2f949v1l4f6qg10171rkc9b-watchexec-2.3.2",
              "default": true
            }
          ],
          "store_path": "/nix/store/jwvj34xyw2f949v1l4f6qg10171rkc9b-watchexec-2.3.2"
        }
      }
    }
  }
}
