{
  "lockfile_version": "1",
  "packages": {
    "elmPackages.elm@0.19.1": {
      "last_modified": "2025-07-28T17:09:23Z",
      "resolved": "github:NixOS/nixpkgs/648f70160c03151bc2121d179291337ad6bc564b#elmPackages.elm",
      "source": "devbox-search",
      "version": "0.19.1",
      "systems": {
        "aarch64-darwin": {
          "outputs": [
            {
              "name": "out",
              "path": "/nix/store/6hx8g6k7ihgaqvy1i0ydiy7v13s04pf4-elm-0.19.1",
              "default": true
            },
            {
              "name": "doc",
              "path": "/nix/store/m9d4xkh42f49i5gyiq4vgrxhwnkqq6rg-elm-0.19.1-doc"
            }
          ],
          "store_path": "/nix/store/6hx8g6k7ihgaqvy1i0ydiy7v13s04pf4-elm-0.19.1"
        },
        "aarch64-linux": {
          "outputs": [
            {
              "name": "out",
              "path": "/nix/store/l8r8i1n9143s2wr82cjkp5is5lzwxym1-elm-0.19.1",
              "default": true
            },
            {
              "name": "doc",
              "path": "/nix/store/w3c1wzi8yj1b4hc80x3vlzhlxvmzb35x-elm-0.19.1-doc"
            }
          ],
          "store_path": "/nix/store/l8r8i1n9143s2wr82cjkp5is5lzwxym1-elm-0.19.1"
        },
        "x86_64-darwin": {
          "outputs": [
            {
              "name": "out",
              "path": "/nix/store/57b4fcq4yapv9sw5xagnfbf4jcq77i20-elm-0.19.1",
              "default": true
            },
            {
              "name": "doc",
              "path": "/nix/store/zbv5s1mv9m7bdq5yv2h4kbvq6hlgb5ly-elm-0.19.1-doc"
            }
          ],
          "store_path": "/nix/store/57b4fcq4yapv9sw5xagnfbf4jcq77i20-elm-0.19.1"
        },
        "x86_64-linux": {
          "outputs": [
            {
              "name": "out",
              "path": "/nix/store/07nnh4j932kgqg4p2x72ydg6n58i291v-elm-0.19.1",
              "default": true
            },
            {
              "name": "doc",
              "path": "/nix/store/fkvbwvkca2cz81jsmps793qlwvvi0gzj-elm-0.19.1-doc"
            }
          ],
          "store_path": "/nix/store/07nnh4j932kgqg4p2x72ydg6n58i291v-elm-0.19.1"
        }
      }
    },
    "gcc": {
      "resolved": "github:NixOS/nixpkgs/ca77296380960cd497a765102eeb1356eb80fed0?narHash=sha256-PgLSZDBEWUHpfTRfFyklmiiLBE1i1aGCtz4eRA3POao%3D#gcc",
      "source": "nixpkg"
    },
    "github:NixOS/nixpkgs/nixpkgs-unstable": {
      "last_modified": "2025-09-05T01:14:44Z",
      "resolved": "github:NixOS/nixpkgs/ca77296380960cd497a765102eeb1356eb80fed0?lastModified=1757034884&narHash=sha256-PgLSZDBEWUHpfTRfFyklmiiLBE1i1aGCtz4eRA3POao%3D"
    },
    "gnumake": {
      "resolved": "github:NixOS/nixpkgs/ca77296380960cd497a765102eeb1356eb80fed0?narHash=sha256-PgLSZDBEWUHpfTRfFyklmiiLBE1i1aGCtz4eRA3POao%3D#gnumake",
      "source": "nixpkg"
    },
    "jq@1.7.1": {
      "last_modified": "2025-06-18T03:01:18Z",
      "resolved": "github:NixOS/nixpkgs/5395fb3ab3f97b9b7abca147249fa2e8ed27b192#jq",
      "source": "devbox-search",
      "version": "1.7.1",
      "systems": {
        "aarch64-darwin": {
          "outputs": [
            {
              "name": "bin",
              "path": "/nix/store/5v1yqacl2lhgbrzgvbmnxbxah9pdyp2s-jq-1.7.1-bin",
              "default": true
            },
            {
              "name": "man",
              "path": "/nix/store/6zfpzcwd7m5pkf1bd3sdasjv0rxsxvjg-jq-1.7.1-man",
              "default": true
            },
            {
              "name": "dev",
              "path": "/nix/store/12zb2s8cmrbgi53sn09i8vkqr6i462h4-jq-1.7.1-dev"
            },
            {
              "name": "doc",
              "path": "/nix/store/awa9kq3h05l0bpc3gn1gzq4r9rspphsb-jq-1.7.1-doc"
            },
            {
              "name": "out",
              "path": "/nix/store/2vawjsrd9bmavbm7rvsjbnjaf4hbd1bs-jq-1.7.1"
            }
          ],
          "store_path": "/nix/store/5v1yqacl2lhgbrzgvbmnxbxah9pdyp2s-jq-1.7.1-bin"
        },
        "aarch64-linux": {
          "outputs": [
            {
              "name": "bin",
              "path": "/nix/store/j6q3c3rzxhv3rz9y821qylgafi3jbsl8-jq-1.7.1-bin",
              "default": true
            },
            {
              "name": "man",
              "path": "/nix/store/2n2vs2cb0slcj5a4i0l7pyv4fip8s6m9-jq-1.7.1-man",
              "default": true
            },
            {
              "name": "dev",
              "path": "/nix/store/w7n2qywnma4af1m9xqz8y67rq0jn6an2-jq-1.7.1-dev"
            },
            {
              "name": "doc",
              "path": "/nix/store/c52b1v91c7pwxb58z79v2aa1x8bx8dpx-jq-1.7.1-doc"
            },
            {
              "name": "out",
              "path": "/nix/store/i06c1lzmf07gg33mjmfp0564inxplfq5-jq-1.7.1"
            }
          ],
          "store_path": "/nix/store/j6q3c3rzxhv3rz9y821qylgafi3jbsl8-jq-1.7.1-bin"
        },
        "x86_64-darwin": {
          "outputs": [
            {
              "name": "bin",
              "path": "/nix/store/if69q6bw49y67lv9f4bf78cgpf7xrnrb-jq-1.7.1-bin",
              "default": true
            },
            {
              "name": "man",
              "path": "/nix/store/0rsic796c75zmdaa3qw74676dgcibwan-jq-1.7.1-man",
              "default": true
            },
            {
              "name": "dev",
              "path": "/nix/store/38vgg0iqwmhh8shn12ys3wqxv24gkq5n-jq-1.7.1-dev"
            },
            {
              "name": "doc",
              "path": "/nix/store/dvap16zqbcxmil71f6ivbpzx49z7brzx-jq-1.7.1-doc"
            },
            {
              "name": "out",
              "path": "/nix/store/0gw2kw6zkvzg7zlqy4rrgdxjk13yg0z4-jq-1.7.1"
            }
          ],
          "store_path": "/nix/store/if69q6bw49y67lv9f4bf78cgpf7xrnrb-jq-1.7.1-bin"
        },
        "x86_64-linux": {
          "outputs": [
            {
              "name": "bin",
              "path": "/nix/store/n9ch6ggimi6ri5vx62mqmzgrrkb3qfwg-jq-1.7.1-bin",
              "default": true
            },
            {
              "name": "man",
              "path": "/nix/store/2dmx0pgvxjmqywg25rva6cgkz94icnw7-jq-1.7.1-man",
              "default": true
            },
            {
              "name": "dev",
              "path": "/nix/store/yika3khvh871bvk5sgpcxfdbqznyi3w0-jq-1.7.1-dev"
            },
            {
              "name": "doc",
              "path": "/nix/store/97zv95jlfnw4v3k0lyxmkmkqqjhx7np9-jq-1.7.1-doc"
            },
            {
              "name": "out",
              "path": "/nix/store/sdqzcyfy52y0vf10nfsxy3mhv9b2vmkv-jq-1.7.1"
            }
          ],
          "store_path": "/nix/store/n9ch6ggimi6ri5vx62mqmzgrrkb3qfwg-jq-1.7.1-bin"
        }
      }
    },
    "nodejs@20.9.0": {
      "last_modified": "2023-11-17T14:14:56Z",
      "plugin_version": "0.0.2",
      "resolved": "github:NixOS/nixpkgs/a71323f68d4377d12c04a5410e214495ec598d4c#nodejs_20",
      "source": "devbox-search",
      "version": "20.9.0",
      "systems": {
        "aarch64-darwin": {
          "outputs": [
            {
              "name": "out",
              "path": "/nix/store/j3ysbimmll43w5zpx7whscyrk5pf9csd-nodejs-20.9.0",
              "default": true
            },
            {
              "name": "libv8",
              "path": "/nix/store/ngxj1h950wb6sphg1sk3qdizrnqnssin-nodejs-20.9.0-libv8"
            }
          ],
          "store_path": "/nix/store/j3ysbimmll43w5zpx7whscyrk5pf9csd-nodejs-20.9.0"
        },
        "aarch64-linux": {
          "outputs": [
            {
              "name": "out",
              "path": "/nix/store/bpxzgvpv9njj130aqi1qhvpmlvb7kc97-nodejs-20.9.0",
              "default": true
            },
            {
              "name": "libv8",
              "path": "/nix/store/p85yrl61p49lb0ays48pdgvqznrmzfb1-nodejs-20.9.0-libv8"
            }
          ],
          "store_path": "/nix/store/bpxzgvpv9njj130aqi1qhvpmlvb7kc97-nodejs-20.9.0"
        },
        "x86_64-darwin": {
          "outputs": [
            {
              "name": "out",
              "path": "/nix/store/c8alh4kgkra7ax2j166ahpb40n7jvkg1-nodejs-20.9.0",
              "default": true
            },
            {
              "name": "libv8",
              "path": "/nix/store/hfhdn4csp24ybnn4bay5kc2db7mc77n7-nodejs-20.9.0-libv8"
            }
          ],
          "store_path": "/nix/store/c8alh4kgkra7ax2j166ahpb40n7jvkg1-nodejs-20.9.0"
        },
        "x86_64-linux": {
          "outputs": [
            {
              "name": "out",
              "path": "/nix/store/a1hckfqzyys4rfgbdy5kmb5w0zdr55i5-nodejs-20.9.0",
              "default": true
            },
            {
              "name": "libv8",
              "path": "/nix/store/zh8mpfa11g0436pkzqg9mdgglprfgx0h-nodejs-20.9.0-libv8"
            }
          ],
          "store_path": "/nix/store/a1hckfqzyys4rfgbdy5kmb5w0zdr55i5-nodejs-20.9.0"
        }
      }
    },
    "python311": {
      "plugin_version": "0.0.4",
      "resolved": "github:NixOS/nixpkgs/ca77296380960cd497a765102eeb1356eb80fed0?narHash=sha256-PgLSZDBEWUHpfTRfFyklmiiLBE1i1aGCtz4eRA3POao%3D#python311",
      "source": "nixpkg"
    },
    "python311Packages.distutils-extra": {
      "resolved": "github:NixOS/nixpkgs/ca77296380960cd497a765102eeb1356eb80fed0?narHash=sha256-PgLSZDBEWUHpfTRfFyklmiiLBE1i1aGCtz4eRA3POao%3D#python311Packages.distutils-extra",
      "source": "nixpkg"
    },
    "python311Packages.setuptools": {
      "resolved": "github:NixOS/nixpkgs/ca77296380960cd497a765102eeb1356eb80fed0?narHash=sha256-PgLSZDBEWUHpfTRfFyklmiiLBE1i1aGCtz4eRA3POao%3D#python311Packages.setuptools",
      "source": "nixpkg"
    },
    "soupault": {
      "resolved": "github:NixOS/nixpkgs/ca77296380960cd497a765102eeb1356eb80fed0?narHash=sha256-PgLSZDBEWUHpfTRfFyklmiiLBE1i1aGCtz4eRA3POao%3D#soupault",
      "source": "nixpkg"
    },
    "watchexec@2.3.2": {
      "last_modified": "2025-07-28T17:09:23Z",
      "resolved": "github:NixOS/nixpkgs/648f70160c03151bc2121d179291337ad6bc564b#watchexec",
      "source": "devbox-search",
      "version": "2.3.2",
      "systems": {
        "aarch64-darwin": {
          "outputs": [
            {
              "name": "out",
              "path": "/nix/store/spd4l14i31p11hjg1akqjf9jdv3canjj-watchexec-2.3.2",
              "default": true
            }
          ],
          "store_path": "/nix/store/spd4l14i31p11hjg1akqjf9jdv3canjj-watchexec-2.3.2"
        },
        "aarch64-linux": {
          "outputs": [
            {
              "name": "out",
              "path": "/nix/store/viav7zgcyabpx80c8pc9b8khkjapnspc-watchexec-2.3.2",
              "default": true
            }
          ],
          "store_path": "/nix/store/viav7zgcyabpx80c8pc9b8khkjapnspc-watchexec-2.3.2"
        },
        "x86_64-darwin": {
          "outputs": [
            {
              "name": "out",
              "path": "/nix/store/kzgi4dfrl9ryw2fz7z9bjdjljbv5w60g-watchexec-2.3.2",
              "default": true
            }
          ],
          "store_path": "/nix/store/kzgi4dfrl9ryw2fz7z9bjdjljbv5w60g-watchexec-2.3.2"
        },
        "x86_64-linux": {
          "outputs": [
            {
              "name": "out",
              "path": "/nix/store/xwk6hmik8y44dbcp0wk9vm1717r58yjj-watchexec-2.3.2",
              "default": true
            }
          ],
          "store_path": "/nix/store/xwk6hmik8y44dbcp0wk9vm1717r58yjj-watchexec-2.3.2"
        }
      }
    }
  }
}
